
Microsoft Visual Studio Solution File, Format Version 12.00
# Visual Studio Version 17
VisualStudioVersion = 17.0.32126.317
MinimumVisualStudioVersion = 10.0.40219.1
Project("{FAE04EC0-301F-11D3-BF4B-00C04F79EFBC}") = "HomeWork2", "HomeWork2\HomeWork2.csproj", "{721DE40F-AA5E-46D7-BED0-02658A46C670}"
EndProject
Global
	GlobalSection(SolutionConfigurationPlatforms) = preSolution
		Debug|Any CPU = Debug|Any CPU
		Release|Any CPU = Release|Any CPU
	EndGlobalSection
	GlobalSection(ProjectConfigurationPlatforms) = postSolution
		{721DE40F-AA5E-46D7-BED0-02658A46C670}.Debug|Any CPU.ActiveCfg = Debug|Any CPU
		{721DE40F-AA5E-46D7-BED0-02658A46C670}.Debug|Any CPU.Build.0 = Debug|Any CPU
		{721DE40F-AA5E-46D7-BED0-02658A46C670}.Release|Any CPU.ActiveCfg = Release|Any CPU
		{721DE40F-AA5E-46D7-BED0-02658A46C670}.Release|Any CPU.Build.0 = Release|Any CPU
	EndGlobalSection
	GlobalSection(SolutionProperties) = preSolution
		HideSolutionNode = FALSE
	EndGlobalSection
	GlobalSection(ExtensibilityGlobals) = postSolution
		SolutionGuid = {2401BEBF-DBE5-4AEE-92E0-33950E36B4F9}
	EndGlobalSection
EndGlobal
